// !$*UTF8*$!
{
	archiveVersion = 1;
	classes = {
	};
	objectVersion = 50;
	objects = {

/* Begin PBXBuildFile section */
		9E08BA2820D4BEC4002B50DD /* AppDelegate.swift in Sources */ = {isa = PBXBuildFile; fileRef = 9E08BA2720D4BEC4002B50DD /* AppDelegate.swift */; };
		9E08BA2A20D4BEC4002B50DD /* ViewController.swift in Sources */ = {isa = PBXBuildFile; fileRef = 9E08BA2920D4BEC4002B50DD /* ViewController.swift */; };
		9E08BA2D20D4BEC4002B50DD /* Main.storyboard in Resources */ = {isa = PBXBuildFile; fileRef = 9E08BA2B20D4BEC4002B50DD /* Main.storyboard */; };
		9E08BA2F20D4BEC5002B50DD /* Assets.xcassets in Resources */ = {isa = PBXBuildFile; fileRef = 9E08BA2E20D4BEC5002B50DD /* Assets.xcassets */; };
		9E08BA3220D4BEC5002B50DD /* LaunchScreen.storyboard in Resources */ = {isa = PBXBuildFile; fileRef = 9E08BA3020D4BEC5002B50DD /* LaunchScreen.storyboard */; };
/* End PBXBuildFile section */

/* Begin PBXFileReference section */
		9E08BA2420D4BEC4002B50DD /* SunCloud.app */ = {isa = PBXFileReference; explicitFileType = wrapper.application; includeInIndex = 0; path = SunCloud.app; sourceTree = BUILT_PRODUCTS_DIR; };
		9E08BA2720D4BEC4002B50DD /* AppDelegate.swift */ = {isa = PBXFileReference; lastKnownFileType = sourcecode.swift; path = AppDelegate.swift; sourceTree = "<group>"; };
		9E08BA2920D4BEC4002B50DD /* ViewController.swift */ = {isa = PBXFileReference; lastKnownFileType = sourcecode.swift; path = ViewController.swift; sourceTree = "<group>"; };
		9E08BA2C20D4BEC4002B50DD /* Base */ = {isa = PBXFileReference; lastKnownFileType = file.storyboard; name = Base; path = Base.lproj/Main.storyboard; sourceTree = "<group>"; };
		9E08BA2E20D4BEC5002B50DD /* Assets.xcassets */ = {isa = PBXFileReference; lastKnownFileType = folder.assetcatalog; path = Assets.xcassets; sourceTree = "<group>"; };
		9E08BA3120D4BEC5002B50DD /* Base */ = {isa = PBXFileReference; lastKnownFileType = file.storyboard; name = Base; path = Base.lproj/LaunchScreen.storyboard; sourceTree = "<group>"; };
		9E08BA3320D4BEC5002B50DD /* Info.plist */ = {isa = PBXFileReference; lastKnownFileType = text.plist.xml; path = Info.plist; sourceTree = "<group>"; };
/* End PBXFileReference section */

/* Begin PBXFrameworksBuildPhase section */
		9E08BA2120D4BEC4002B50DD /* Frameworks */ = {
			isa = PBXFrameworksBuildPhase;
			buildActionMask = 2147483647;
			files = (
			);
			runOnlyForDeploymentPostprocessing = 0;
		};
/* End PBXFrameworksBuildPhase section */

/* Begin PBXGroup section */
		9E08BA1B20D4BEC4002B50DD = {
			isa = PBXGroup;
			children = (
				9E08BA2620D4BEC4002B50DD /* SunCloud */,
				9E08BA2520D4BEC4002B50DD /* Products */,
			);
			sourceTree = "<group>";
		};
		9E08BA2520D4BEC4002B50DD /* Products */ = {
			isa = PBXGroup;
			children = (
				9E08BA2420D4BEC4002B50DD /* SunCloud.app */,
			);
			name = Products;
			sourceTree = "<group>";
		};
		9E08BA2620D4BEC4002B50DD /* SunCloud */ = {
			isa = PBXGroup;
			children = (
				9E08BA2720D4BEC4002B50DD /* AppDelegate.swift */,
				9E08BA2920D4BEC4002B50DD /* ViewController.swift */,
				9E08BA2B20D4BEC4002B50DD /* Main.storyboard */,
				9E08BA2E20D4BEC5002B50DD /* Assets.xcassets */,
				9E08BA3020D4BEC5002B50DD /* LaunchScreen.storyboard */,
				9E08BA3320D4BEC5002B50DD /* Info.plist */,
			);
			path = SunCloud;
			sourceTree = "<group>";
		};
/* End PBXGroup section */

/* Begin PBXNativeTarget section */
		9E08BA2320D4BEC4002B50DD /* SunCloud */ = {
			isa = PBXNativeTarget;
			buildConfigurationList = 9E08BA3620D4BEC5002B50DD /* Build configuration list for PBXNativeTarget "SunCloud" */;
			buildPhases = (
				9E08BA2020D4BEC4002B50DD /* Sources */,
				9E08BA2120D4BEC4002B50DD /* Frameworks */,
				9E08BA2220D4BEC4002B50DD /* Resources */,
			);
			buildRules = (
			);
			dependencies = (
			);
			name = SunCloud;
			productName = SunCloud;
			productReference = 9E08BA2420D4BEC4002B50DD /* SunCloud.app */;
			productType = "com.apple.product-type.application";
		};
/* End PBXNativeTarget section */

/* Begin PBXProject section */
		9E08BA1C20D4BEC4002B50DD /* Project object */ = {
			isa = PBXProject;
			attributes = {
				LastSwiftUpdateCheck = 0940;
				LastUpgradeCheck = 0940;
				ORGANIZATIONNAME = "Kyle Lee";
				TargetAttributes = {
					9E08BA2320D4BEC4002B50DD = {
						CreatedOnToolsVersion = 9.4;
					};
				};
			};
			buildConfigurationList = 9E08BA1F20D4BEC4002B50DD /* Build configuration list for PBXProject "SunCloud" */;
			compatibilityVersion = "Xcode 9.3";
			developmentRegion = en;
			hasScannedForEncodings = 0;
			knownRegions = (
				en,
				Base,
			);
			mainGroup = 9E08BA1B20D4BEC4002B50DD;
			productRefGroup = 9E08BA2520D4BEC4002B50DD /* Products */;
			projectDirPath = "";
			projectRoot = "";
			targets = (
				9E08BA2320D4BEC4002B50DD /* SunCloud */,
			);
		};
/* End PBXProject section */

/* Begin PBXResourcesBuildPhase section */
		9E08BA2220D4BEC4002B50DD /* Resources */ = {
			isa = PBXResourcesBuildPhase;
			buildActionMask = 2147483647;
			files = (
				9E08BA3220D4BEC5002B50DD /* LaunchScreen.storyboard in Resources */,
				9E08BA2F20D4BEC5002B50DD /* Assets.xcassets in Resources */,
				9E08BA2D20D4BEC4002B50DD /* Main.storyboard in Resources */,
			);
			runOnlyForDeploymentPostprocessing = 0;
		};
/* End PBXResourcesBuildPhase section */

/* Begin PBXSourcesBuildPhase section */
		9E08BA2020D4BEC4002B50DD /* Sources */ = {
			isa = PBXSourcesBuildPhase;
			buildActionMask = 2147483647;
			files = (
				9E08BA2A20D4BEC4002B50DD /* ViewController.swift in Sources */,
				9E08BA2820D4BEC4002B50DD /* AppDelegate.swift in Sources */,
			);
			runOnlyForDeploymentPostprocessing = 0;
		};
/* End PBXSourcesBuildPhase section */

/* Begin PBXVariantGroup section */
		9E08BA2B20D4BEC4002B50DD /* Main.storyboard */ = {
			isa = PBXVariantGroup;
			children = (
				9E08BA2C20D4BEC4002B50DD /* Base */,
			);
			name = Main.storyboard;
			sourceTree = "<group>";
		};
		9E08BA3020D4BEC5002B50DD /* LaunchScreen.storyboard */ = {
			isa = PBXVariantGroup;
			children = (
				9E08BA3120D4BEC5002B50DD /* Base */,
			);
			name = LaunchScreen.storyboard;
			sourceTree = "<group>";
		};
/* End PBXVariantGroup section */

/* Begin XCBuildConfiguration section */
		9E08BA3420D4BEC5002B50DD /* Debug */ = {
			isa = XCBuildConfiguration;
			buildSettings = {
				ALWAYS_SEARCH_USER_PATHS = NO;
				CLANG_ANALYZER_NONNULL = YES;
				CLANG_ANALYZER_NUMBER_OBJECT_CONVERSION = YES_AGGRESSIVE;
				CLANG_CXX_LANGUAGE_STANDARD = "gnu++14";
				CLANG_CXX_LIBRARY = "libc++";
				CLANG_ENABLE_MODULES = YES;
				CLANG_ENABLE_OBJC_ARC = YES;
				CLANG_ENABLE_OBJC_WEAK = YES;
				CLANG_WARN_BLOCK_CAPTURE_AUTORELEASING = YES;
				CLANG_WARN_BOOL_CONVERSION = YES;
				CLANG_WARN_COMMA = YES;
				CLANG_WARN_CONSTANT_CONVERSION = YES;
				CLANG_WARN_DEPRECATED_OBJC_IMPLEMENTATIONS = YES;
				CLANG_WARN_DIRECT_OBJC_ISA_USAGE = YES_ERROR;
				CLANG_WARN_DOCUMENTATION_COMMENTS = YES;
				CLANG_WARN_EMPTY_BODY = YES;
				CLANG_WARN_ENUM_CONVERSION = YES;
				CLANG_WARN_INFINITE_RECURSION = YES;
				CLANG_WARN_INT_CONVERSION = YES;
				CLANG_WARN_NON_LITERAL_NULL_CONVERSION = YES;
				CLANG_WARN_OBJC_IMPLICIT_RETAIN_SELF = YES;
				CLANG_WARN_OBJC_LITERAL_CONVERSION = YES;
				CLANG_WARN_OBJC_ROOT_CLASS = YES_ERROR;
				CLANG_WARN_RANGE_LOOP_ANALYSIS = YES;
				CLANG_WARN_STRICT_PROTOTYPES = YES;
				CLANG_WARN_SUSPICIOUS_MOVE = YES;
				CLANG_WARN_UNGUARDED_AVAILABILITY = YES_AGGRESSIVE;
				CLANG_WARN_UNREACHABLE_CODE = YES;
				CLANG_WARN__DUPLICATE_METHOD_MATCH = YES;
				CODE_SIGN_IDENTITY = "iPhone Developer";
				COPY_PHASE_STRIP = NO;
				DEBUG_INFORMATION_FORMAT = dwarf;
				ENABLE_STRICT_OBJC_MSGSEND = YES;
				ENABLE_TESTABILITY = YES;
				GCC_C_LANGUAGE_STANDARD = gnu11;
				GCC_DYNAMIC_NO_PIC = NO;
				GCC_NO_COMMON_BLOCKS = YES;
				GCC_OPTIMIZATION_LEVEL = 0;
				GCC_PREPROCESSOR_DEFINITIONS = (
					"DEBUG=1",
					"$(inherited)",
				);
				GCC_WARN_64_TO_32_BIT_CONVERSION = YES;
				GCC_WARN_ABOUT_RETURN_TYPE = YES_ERROR;
				GCC_WARN_UNDECLARED_SELECTOR = YES;
				GCC_WARN_UNINITIALIZED_AUTOS = YES_AGGRESSIVE;
				GCC_WARN_UNUSED_FUNCTION = YES;
				GCC_WARN_UNUSED_VARIABLE = YES;
				IPHONEOS_DEPLOYMENT_TARGET = 11.4;
				MTL_ENABLE_DEBUG_INFO = YES;
				ONLY_ACTIVE_ARCH = YES;
				SDKROOT = iphoneos;
				SWIFT_ACTIVE_COMPILATION_CONDITIONS = DEBUG;
				SWIFT_OPTIMIZATION_LEVEL = "-Onone";
			};
			name = Debug;
		};
		9E08BA3520D4BEC5002B50DD /* Release */ = {
			isa = XCBuildConfiguration;
			buildSettings = {
				ALWAYS_SEARCH_USER_PATHS = NO;
				CLANG_ANALYZER_NONNULL = YES;
				CLANG_ANALYZER_NUMBER_OBJECT_CONVERSION = YES_AGGRESSIVE;
				CLANG_CXX_LANGUAGE_STANDARD = "gnu++14";
				CLANG_CXX_LIBRARY = "libc++";
				CLANG_ENABLE_MODULES = YES;
				CLANG_ENABLE_OBJC_ARC = YES;
				CLANG_ENABLE_OBJC_WEAK = YES;
				CLANG_WARN_BLOCK_CAPTURE_AUTORELEASING = YES;
				CLANG_WARN_BOOL_CONVERSION = YES;
				CLANG_WARN_COMMA = YES;
				CLANG_WARN_CONSTANT_CONVERSION = YES;
				CLANG_WARN_DEPRECATED_OBJC_IMPLEMENTATIONS = YES;
				CLANG_WARN_DIRECT_OBJC_ISA_USAGE = YES_ERROR;
				CLANG_WARN_DOCUMENTATION_COMMENTS = YES;
				CLANG_WARN_EMPTY_BODY = YES;
				CLANG_WARN_ENUM_CONVERSION = YES;
				CLANG_WARN_INFINITE_RECURSION = YES;
				CLANG_WARN_INT_CONVERSION = YES;
				CLANG_WARN_NON_LITERAL_NULL_CONVERSION = YES;
				CLANG_WARN_OBJC_IMPLICIT_RETAIN_SELF = YES;
				CLANG_WARN_OBJC_LITERAL_CONVERSION = YES;
				CLANG_WARN_OBJC_ROOT_CLASS = YES_ERROR;
				CLANG_WARN_RANGE_LOOP_ANALYSIS = YES;
				CLANG_WARN_STRICT_PROTOTYPES = YES;
				CLANG_WARN_SUSPICIOUS_MOVE = YES;
				CLANG_WARN_UNGUARDED_AVAILABILITY = YES_AGGRESSIVE;
				CLANG_WARN_UNREACHABLE_CODE = YES;
				CLANG_WARN__DUPLICATE_METHOD_MATCH = YES;
				CODE_SIGN_IDENTITY = "iPhone Developer";
				COPY_PHASE_STRIP = NO;
				DEBUG_INFORMATION_FORMAT = "dwarf-with-dsym";
				ENABLE_NS_ASSERTIONS = NO;
				ENABLE_STRICT_OBJC_MSGSEND = YES;
				GCC_C_LANGUAGE_STANDARD = gnu11;
				GCC_NO_COMMON_BLOCKS = YES;
				GCC_WARN_64_TO_32_BIT_CONVERSION = YES;
				GCC_WARN_ABOUT_RETURN_TYPE = YES_ERROR;
				GCC_WARN_UNDECLARED_SELECTOR = YES;
				GCC_WARN_UNINITIALIZED_AUTOS = YES_AGGRESSIVE;
				GCC_WARN_UNUSED_FUNCTION = YES;
				GCC_WARN_UNUSED_VARIABLE = YES;
				IPHONEOS_DEPLOYMENT_TARGET = 11.4;
				MTL_ENABLE_DEBUG_INFO = NO;
				SDKROOT = iphoneos;
				SWIFT_COMPILATION_MODE = wholemodule;
				SWIFT_OPTIMIZATION_LEVEL = "-O";
				VALIDATE_PRODUCT = YES;
			};
			name = Release;
		};
		9E08BA3720D4BEC5002B50DD /* Debug */ = {
			isa = XCBuildConfiguration;
			buildSettings = {
				ASSETCATALOG_COMPILER_APPICON_NAME = AppIcon;
				CODE_SIGN_STYLE = Automatic;
				DEVELOPMENT_TEAM = 5K99777NES;
				INFOPLIST_FILE = SunCloud/Info.plist;
				LD_RUNPATH_SEARCH_PATHS = (
					"$(inherited)",
					"@executable_path/Frameworks",
				);
				PRODUCT_BUNDLE_IDENTIFIER = com.kiloloco.SunCloud;
				PRODUCT_NAME = "$(TARGET_NAME)";
				SWIFT_VERSION = 4.0;
				TARGETED_DEVICE_FAMILY = "1,2";
			};
			name = Debug;
		};
		9E08BA3820D4BEC5002B50DD /* Release */ = {
			isa = XCBuildConfiguration;
			buildSettings = {
				ASSETCATALOG_COMPILER_APPICON_NAME = AppIcon;
				CODE_SIGN_STYLE = Automatic;
				DEVELOPMENT_TEAM = 5K99777NES;
				INFOPLIST_FILE = SunCloud/Info.plist;
				LD_RUNPATH_SEARCH_PATHS = (
					"$(inherited)",
					"@executable_path/Frameworks",
				);
				PRODUCT_BUNDLE_IDENTIFIER = com.kiloloco.SunCloud;
				PRODUCT_NAME = "$(TARGET_NAME)";
				SWIFT_VERSION = 4.0;
				TARGETED_DEVICE_FAMILY = "1,2";
			};
			name = Release;
		};
/* End XCBuildConfiguration section */

/* Begin XCConfigurationList section */
		9E08BA1F20D4BEC4002B50DD /* Build configuration list for PBXProject "SunCloud" */ = {
			isa = XCConfigurationList;
			buildConfigurations = (
				9E08BA3420D4BEC5002B50DD /* Debug */,
				9E08BA3520D4BEC5002B50DD /* Release */,
			);
			defaultConfigurationIsVisible = 0;
			defaultConfigurationName = Release;
		};
		9E08BA3620D4BEC5002B50DD /* Build configuration list for PBXNativeTarget "SunCloud" */ = {
			isa = XCConfigurationList;
			buildConfigurations = (
				9E08BA3720D4BEC5002B50DD /* Debug */,
				9E08BA3820D4BEC5002B50DD /* Release */,
			);
			defaultConfigurationIsVisible = 0;
			defaultConfigurationName = Release;
		};
/* End XCConfigurationList section */
	};
	rootObject = 9E08BA1C20D4BEC4002B50DD /* Project object */;
}
